
Microsoft Visual Studio Solution File, Format Version 12.00
# Visual Studio Version 17
VisualStudioVersion = 17.9.34728.123
MinimumVisualStudioVersion = 10.0.40219.1
Project("{FAE04EC0-301F-11D3-BF4B-00C04F79EFBC}") = "GeograficWarsAPI", "GeograficWarsAPI.csproj", "{FF05EE60-A2D7-46CF-9BC1-E314E5318F16}"
EndProject
Global
	GlobalSection(SolutionConfigurationPlatforms) = preSolution
		Debug|Any CPU = Debug|Any CPU
		Release|Any CPU = Release|Any CPU
	EndGlobalSection
	GlobalSection(ProjectConfigurationPlatforms) = postSolution
		{FF05EE60-A2D7-46CF-9BC1-E314E5318F16}.Debug|Any CPU.ActiveCfg = Debug|Any CPU
		{FF05EE60-A2D7-46CF-9BC1-E314E5318F16}.Debug|Any CPU.Build.0 = Debug|Any CPU
		{FF05EE60-A2D7-46CF-9BC1-E314E5318F16}.Release|Any CPU.ActiveCfg = Release|Any CPU
		{FF05EE60-A2D7-46CF-9BC1-E314E5318F16}.Release|Any CPU.Build.0 = Release|Any CPU
	EndGlobalSection
	GlobalSection(SolutionProperties) = preSolution
		HideSolutionNode = FALSE
	EndGlobalSection
	GlobalSection(ExtensibilityGlobals) = postSolution
		SolutionGuid = {DE19A64A-B784-40C9-9970-B980415DEF68}
	EndGlobalSection
EndGlobal
